
Microsoft Visual Studio Solution File, Format Version 12.00
# Visual Studio 15
VisualStudioVersion = 15.0.27130.2027
MinimumVisualStudioVersion = 10.0.40219.1
Project("{8BC9CEB8-8B4A-11D0-8D11-00A0C91BC942}") = "F2P", "F2P.vcxproj", "{DF41F216-F0BE-471B-896E-EA2390E80EAE}"
EndProject
Global
	GlobalSection(SolutionConfigurationPlatforms) = preSolution
		Debug|x64 = Debug|x64
		Debug|x86 = Debug|x86
		Release|x64 = Release|x64
		Release|x86 = Release|x86
	EndGlobalSection
	GlobalSection(ProjectConfigurationPlatforms) = postSolution
		{DF41F216-F0BE-471B-896E-EA2390E80EAE}.Debug|x64.ActiveCfg = Debug|x64
		{DF41F216-F0BE-471B-896E-EA2390E80EAE}.Debug|x64.Build.0 = Debug|x64
		{DF41F216-F0BE-471B-896E-EA2390E80EAE}.Debug|x86.ActiveCfg = Debug|Win32
		{DF41F216-F0BE-471B-896E-EA2390E80EAE}.Debug|x86.Build.0 = Debug|Win32
		{DF41F216-F0BE-471B-896E-EA2390E80EAE}.Release|x64.ActiveCfg = Release|x64
		{DF41F216-F0BE-471B-896E-EA2390E80EAE}.Release|x64.Build.0 = Release|x64
		{DF41F216-F0BE-471B-896E-EA2390E80EAE}.Release|x86.ActiveCfg = Release|Win32
		{DF41F216-F0BE-471B-896E-EA2390E80EAE}.Release|x86.Build.0 = Release|Win32
	EndGlobalSection
	GlobalSection(SolutionProperties) = preSolution
		HideSolutionNode = FALSE
	EndGlobalSection
	GlobalSection(ExtensibilityGlobals) = postSolution
		SolutionGuid = {61A3CC68-ABC7-4CDC-9D79-782A1527EAED}
	EndGlobalSection
EndGlobal
